
Microsoft Visual Studio Solution File, Format Version 12.00
# Visual Studio Version 16
VisualStudioVersion = 16.0.30128.74
MinimumVisualStudioVersion = 10.0.40219.1
Project("{888888A0-9F3D-457C-B088-3A5042F75D52}") = "loto", "loto.pyproj", "{79A7C191-AB0E-48B6-868E-F8ED44D095DA}"
EndProject
Global
	GlobalSection(SolutionConfigurationPlatforms) = preSolution
		Debug|Any CPU = Debug|Any CPU
		Release|Any CPU = Release|Any CPU
	EndGlobalSection
	GlobalSection(ProjectConfigurationPlatforms) = postSolution
		{79A7C191-AB0E-48B6-868E-F8ED44D095DA}.Debug|Any CPU.ActiveCfg = Debug|Any CPU
		{79A7C191-AB0E-48B6-868E-F8ED44D095DA}.Release|Any CPU.ActiveCfg = Release|Any CPU
	EndGlobalSection
	GlobalSection(SolutionProperties) = preSolution
		HideSolutionNode = FALSE
	EndGlobalSection
	GlobalSection(ExtensibilityGlobals) = postSolution
		SolutionGuid = {1B576739-CC85-4AAC-9D5D-149A91221776}
	EndGlobalSection
EndGlobal
